// !$*UTF8*$!
{
	archiveVersion = 1;
	classes = {
	};
	objectVersion = 46;
	objects = {

/* Begin PBXBuildFile section */
		8A3C2A641C4F80D500C59125 /* MacAddress.m in Sources */ = {isa = PBXBuildFile; fileRef = 8A3C2A631C4F80D500C59125 /* MacAddress.m */; };
		8A5A8FF51C4CCF240043E724 /* AppDelegate.m in Sources */ = {isa = PBXBuildFile; fileRef = 8A5A8FF41C4CCF240043E724 /* AppDelegate.m */; };
		8A5A8FF81C4CCF240043E724 /* main.m in Sources */ = {isa = PBXBuildFile; fileRef = 8A5A8FF71C4CCF240043E724 /* main.m */; };
		8A5A8FFA1C4CCF240043E724 /* Assets.xcassets in Resources */ = {isa = PBXBuildFile; fileRef = 8A5A8FF91C4CCF240043E724 /* Assets.xcassets */; };
		8A5A8FFD1C4CCF240043E724 /* MainMenu.xib in Resources */ = {isa = PBXBuildFile; fileRef = 8A5A8FFB1C4CCF240043E724 /* MainMenu.xib */; };
		8A5A90081C4CCF240043E724 /* AnarLQRCodeGeneratorTests.m in Sources */ = {isa = PBXBuildFile; fileRef = 8A5A90071C4CCF240043E724 /* AnarLQRCodeGeneratorTests.m */; };
		8A5A90131C4CCF240043E724 /* AnarLQRCodeGeneratorUITests.m in Sources */ = {isa = PBXBuildFile; fileRef = 8A5A90121C4CCF240043E724 /* AnarLQRCodeGeneratorUITests.m */; };
		8A5A90211C4CD04E0043E724 /* Convert.png in Resources */ = {isa = PBXBuildFile; fileRef = 8A5A90201C4CD04E0043E724 /* Convert.png */; };
		8A5A902A1C4CD17A0043E724 /* NSImage+QRCode.m in Sources */ = {isa = PBXBuildFile; fileRef = 8A5A90291C4CD17A0043E724 /* NSImage+QRCode.m */; };
		8A5A902C1C4CD5690043E724 /* AVFoundation.framework in Frameworks */ = {isa = PBXBuildFile; fileRef = 8A5A902B1C4CD5690043E724 /* AVFoundation.framework */; };
		8A806E3D1C50B52300026FE9 /* Add.png in Resources */ = {isa = PBXBuildFile; fileRef = 8A806E3C1C50B52300026FE9 /* Add.png */; };
		8A806E841C50E7FD00026FE9 /* Cancel.png in Resources */ = {isa = PBXBuildFile; fileRef = 8A806E831C50E7FD00026FE9 /* Cancel.png */; };
		8A9C2D271C4CE6CC0064227B /* export.png in Resources */ = {isa = PBXBuildFile; fileRef = 8A9C2D261C4CE6CC0064227B /* export.png */; };
/* End PBXBuildFile section */

/* Begin PBXContainerItemProxy section */
		8A5A90041C4CCF240043E724 /* PBXContainerItemProxy */ = {
			isa = PBXContainerItemProxy;
			containerPortal = 8A5A8FE81C4CCF240043E724 /* Project object */;
			proxyType = 1;
			remoteGlobalIDString = 8A5A8FEF1C4CCF240043E724;
			remoteInfo = AnarLQRCodeGenerator;
		};
		8A5A900F1C4CCF240043E724 /* PBXContainerItemProxy */ = {
			isa = PBXContainerItemProxy;
			containerPortal = 8A5A8FE81C4CCF240043E724 /* Project object */;
			proxyType = 1;
			remoteGlobalIDString = 8A5A8FEF1C4CCF240043E724;
			remoteInfo = AnarLQRCodeGenerator;
		};
/* End PBXContainerItemProxy section */

/* Begin PBXFileReference section */
		8A3C2A621C4F80D500C59125 /* MacAddress.h */ = {isa = PBXFileReference; fileEncoding = 4; lastKnownFileType = sourcecode.c.h; path = MacAddress.h; sourceTree = "<group>"; };
		8A3C2A631C4F80D500C59125 /* MacAddress.m */ = {isa = PBXFileReference; fileEncoding = 4; lastKnownFileType = sourcecode.c.objc; path = MacAddress.m; sourceTree = "<group>"; };
		8A5A8FF01C4CCF240043E724 /* AnarLQRCodeGenerator.app */ = {isa = PBXFileReference; explicitFileType = wrapper.application; includeInIndex = 0; path = AnarLQRCodeGenerator.app; sourceTree = BUILT_PRODUCTS_DIR; };
		8A5A8FF31C4CCF240043E724 /* AppDelegate.h */ = {isa = PBXFileReference; lastKnownFileType = sourcecode.c.h; path = AppDelegate.h; sourceTree = "<group>"; };
		8A5A8FF41C4CCF240043E724 /* AppDelegate.m */ = {isa = PBXFileReference; lastKnownFileType = sourcecode.c.objc; path = AppDelegate.m; sourceTree = "<group>"; };
		8A5A8FF71C4CCF240043E724 /* main.m */ = {isa = PBXFileReference; lastKnownFileType = sourcecode.c.objc; path = main.m; sourceTree = "<group>"; };
		8A5A8FF91C4CCF240043E724 /* Assets.xcassets */ = {isa = PBXFileReference; lastKnownFileType = folder.assetcatalog; path = Assets.xcassets; sourceTree = "<group>"; };
		8A5A8FFC1C4CCF240043E724 /* Base */ = {isa = PBXFileReference; lastKnownFileType = file.xib; name = Base; path = Base.lproj/MainMenu.xib; sourceTree = "<group>"; };
		8A5A8FFE1C4CCF240043E724 /* Info.plist */ = {isa = PBXFileReference; lastKnownFileType = text.plist.xml; path = Info.plist; sourceTree = "<group>"; };
		8A5A90031C4CCF240043E724 /* AnarLQRCodeGeneratorTests.xctest */ = {isa = PBXFileReference; explicitFileType = wrapper.cfbundle; includeInIndex = 0; path = AnarLQRCodeGeneratorTests.xctest; sourceTree = BUILT_PRODUCTS_DIR; };
		8A5A90071C4CCF240043E724 /* AnarLQRCodeGeneratorTests.m */ = {isa = PBXFileReference; lastKnownFileType = sourcecode.c.objc; path = AnarLQRCodeGeneratorTests.m; sourceTree = "<group>"; };
		8A5A90091C4CCF240043E724 /* Info.plist */ = {isa = PBXFileReference; lastKnownFileType = text.plist.xml; path = Info.plist; sourceTree = "<group>"; };
		8A5A900E1C4CCF240043E724 /* AnarLQRCodeGeneratorUITests.xctest */ = {isa = PBXFileReference; explicitFileType = wrapper.cfbundle; includeInIndex = 0; path = AnarLQRCodeGeneratorUITests.xctest; sourceTree = BUILT_PRODUCTS_DIR; };
		8A5A90121C4CCF240043E724 /* AnarLQRCodeGeneratorUITests.m */ = {isa = PBXFileReference; lastKnownFileType = sourcecode.c.objc; path = AnarLQRCodeGeneratorUITests.m; sourceTree = "<group>"; };
		8A5A90141C4CCF240043E724 /* Info.plist */ = {isa = PBXFileReference; lastKnownFileType = text.plist.xml; path = Info.plist; sourceTree = "<group>"; };
		8A5A90201C4CD04E0043E724 /* Convert.png */ = {isa = PBXFileReference; lastKnownFileType = image.png; path = Convert.png; sourceTree = "<group>"; };
		8A5A90281C4CD17A0043E724 /* NSImage+QRCode.h */ = {isa = PBXFileReference; fileEncoding = 4; lastKnownFileType = sourcecode.c.h; path = "NSImage+QRCode.h"; sourceTree = "<group>"; };
		8A5A90291C4CD17A0043E724 /* NSImage+QRCode.m */ = {isa = PBXFileReference; fileEncoding = 4; lastKnownFileType = sourcecode.c.objc; path = "NSImage+QRCode.m"; sourceTree = "<group>"; };
		8A5A902B1C4CD5690043E724 /* AVFoundation.framework */ = {isa = PBXFileReference; lastKnownFileType = wrapper.framework; name = AVFoundation.framework; path = System/Library/Frameworks/AVFoundation.framework; sourceTree = SDKROOT; };
		8A806E3C1C50B52300026FE9 /* Add.png */ = {isa = PBXFileReference; lastKnownFileType = image.png; path = Add.png; sourceTree = "<group>"; };
		8A806E831C50E7FD00026FE9 /* Cancel.png */ = {isa = PBXFileReference; lastKnownFileType = image.png; path = Cancel.png; sourceTree = "<group>"; };
		8A9C2D261C4CE6CC0064227B /* export.png */ = {isa = PBXFileReference; lastKnownFileType = image.png; path = export.png; sourceTree = "<group>"; };
/* End PBXFileReference section */

/* Begin PBXFrameworksBuildPhase section */
		8A5A8FED1C4CCF240043E724 /* Frameworks */ = {
			isa = PBXFrameworksBuildPhase;
			buildActionMask = 2147483647;
			files = (
				8A5A902C1C4CD5690043E724 /* AVFoundation.framework in Frameworks */,
			);
			runOnlyForDeploymentPostprocessing = 0;
		};
		8A5A90001C4CCF240043E724 /* Frameworks */ = {
			isa = PBXFrameworksBuildPhase;
			buildActionMask = 2147483647;
			files = (
			);
			runOnlyForDeploymentPostprocessing = 0;
		};
		8A5A900B1C4CCF240043E724 /* Frameworks */ = {
			isa = PBXFrameworksBuildPhase;
			buildActionMask = 2147483647;
			files = (
			);
			runOnlyForDeploymentPostprocessing = 0;
		};
/* End PBXFrameworksBuildPhase section */

/* Begin PBXGroup section */
		8A5A8FE71C4CCF240043E724 = {
			isa = PBXGroup;
			children = (
				8A5A902B1C4CD5690043E724 /* AVFoundation.framework */,
				8A5A8FF21C4CCF240043E724 /* AnarLQRCodeGenerator */,
				8A5A90061C4CCF240043E724 /* AnarLQRCodeGeneratorTests */,
				8A5A90111C4CCF240043E724 /* AnarLQRCodeGeneratorUITests */,
				8A5A8FF11C4CCF240043E724 /* Products */,
			);
			sourceTree = "<group>";
		};
		8A5A8FF11C4CCF240043E724 /* Products */ = {
			isa = PBXGroup;
			children = (
				8A5A8FF01C4CCF240043E724 /* AnarLQRCodeGenerator.app */,
				8A5A90031C4CCF240043E724 /* AnarLQRCodeGeneratorTests.xctest */,
				8A5A900E1C4CCF240043E724 /* AnarLQRCodeGeneratorUITests.xctest */,
			);
			name = Products;
			sourceTree = "<group>";
		};
		8A5A8FF21C4CCF240043E724 /* AnarLQRCodeGenerator */ = {
			isa = PBXGroup;
			children = (
				8A5A90281C4CD17A0043E724 /* NSImage+QRCode.h */,
				8A5A90291C4CD17A0043E724 /* NSImage+QRCode.m */,
				8A806E3C1C50B52300026FE9 /* Add.png */,
				8A806E831C50E7FD00026FE9 /* Cancel.png */,
				8A9C2D261C4CE6CC0064227B /* export.png */,
				8A5A90201C4CD04E0043E724 /* Convert.png */,
				8A5A8FF31C4CCF240043E724 /* AppDelegate.h */,
				8A5A8FF41C4CCF240043E724 /* AppDelegate.m */,
				8A3C2A621C4F80D500C59125 /* MacAddress.h */,
				8A3C2A631C4F80D500C59125 /* MacAddress.m */,
				8A5A8FF91C4CCF240043E724 /* Assets.xcassets */,
				8A5A8FFB1C4CCF240043E724 /* MainMenu.xib */,
				8A5A8FFE1C4CCF240043E724 /* Info.plist */,
				8A5A8FF61C4CCF240043E724 /* Supporting Files */,
			);
			path = AnarLQRCodeGenerator;
			sourceTree = "<group>";
		};
		8A5A8FF61C4CCF240043E724 /* Supporting Files */ = {
			isa = PBXGroup;
			children = (
				8A5A8FF71C4CCF240043E724 /* main.m */,
			);
			name = "Supporting Files";
			sourceTree = "<group>";
		};
		8A5A90061C4CCF240043E724 /* AnarLQRCodeGeneratorTests */ = {
			isa = PBXGroup;
			children = (
				8A5A90071C4CCF240043E724 /* AnarLQRCodeGeneratorTests.m */,
				8A5A90091C4CCF240043E724 /* Info.plist */,
			);
			path = AnarLQRCodeGeneratorTests;
			sourceTree = "<group>";
		};
		8A5A90111C4CCF240043E724 /* AnarLQRCodeGeneratorUITests */ = {
			isa = PBXGroup;
			children = (
				8A5A90121C4CCF240043E724 /* AnarLQRCodeGeneratorUITests.m */,
				8A5A90141C4CCF240043E724 /* Info.plist */,
			);
			path = AnarLQRCodeGeneratorUITests;
			sourceTree = "<group>";
		};
/* End PBXGroup section */

/* Begin PBXNativeTarget section */
		8A5A8FEF1C4CCF240043E724 /* AnarLQRCodeGenerator */ = {
			isa = PBXNativeTarget;
			buildConfigurationList = 8A5A90171C4CCF240043E724 /* Build configuration list for PBXNativeTarget "AnarLQRCodeGenerator" */;
			buildPhases = (
				8A5A8FEC1C4CCF240043E724 /* Sources */,
				8A5A8FED1C4CCF240043E724 /* Frameworks */,
				8A5A8FEE1C4CCF240043E724 /* Resources */,
			);
			buildRules = (
			);
			dependencies = (
			);
			name = AnarLQRCodeGenerator;
			productName = AnarLQRCodeGenerator;
			productReference = 8A5A8FF01C4CCF240043E724 /* AnarLQRCodeGenerator.app */;
			productType = "com.apple.product-type.application";
		};
		8A5A90021C4CCF240043E724 /* AnarLQRCodeGeneratorTests */ = {
			isa = PBXNativeTarget;
			buildConfigurationList = 8A5A901A1C4CCF240043E724 /* Build configuration list for PBXNativeTarget "AnarLQRCodeGeneratorTests" */;
			buildPhases = (
				8A5A8FFF1C4CCF240043E724 /* Sources */,
				8A5A90001C4CCF240043E724 /* Frameworks */,
				8A5A90011C4CCF240043E724 /* Resources */,
			);
			buildRules = (
			);
			dependencies = (
				8A5A90051C4CCF240043E724 /* PBXTargetDependency */,
			);
			name = AnarLQRCodeGeneratorTests;
			productName = AnarLQRCodeGeneratorTests;
			productReference = 8A5A90031C4CCF240043E724 /* AnarLQRCodeGeneratorTests.xctest */;
			productType = "com.apple.product-type.bundle.unit-test";
		};
		8A5A900D1C4CCF240043E724 /* AnarLQRCodeGeneratorUITests */ = {
			isa = PBXNativeTarget;
			buildConfigurationList = 8A5A901D1C4CCF240043E724 /* Build configuration list for PBXNativeTarget "AnarLQRCodeGeneratorUITests" */;
			buildPhases = (
				8A5A900A1C4CCF240043E724 /* Sources */,
				8A5A900B1C4CCF240043E724 /* Frameworks */,
				8A5A900C1C4CCF240043E724 /* Resources */,
			);
			buildRules = (
			);
			dependencies = (
				8A5A90101C4CCF240043E724 /* PBXTargetDependency */,
			);
			name = AnarLQRCodeGeneratorUITests;
			productName = AnarLQRCodeGeneratorUITests;
			productReference = 8A5A900E1C4CCF240043E724 /* AnarLQRCodeGeneratorUITests.xctest */;
			productType = "com.apple.product-type.bundle.ui-testing";
		};
/* End PBXNativeTarget section */

/* Begin PBXProject section */
		8A5A8FE81C4CCF240043E724 /* Project object */ = {
			isa = PBXProject;
			attributes = {
				LastUpgradeCheck = 0710;
				ORGANIZATIONNAME = AnarL;
				TargetAttributes = {
					8A5A8FEF1C4CCF240043E724 = {
						CreatedOnToolsVersion = 7.1.1;
					};
					8A5A90021C4CCF240043E724 = {
						CreatedOnToolsVersion = 7.1.1;
						TestTargetID = 8A5A8FEF1C4CCF240043E724;
					};
					8A5A900D1C4CCF240043E724 = {
						CreatedOnToolsVersion = 7.1.1;
						TestTargetID = 8A5A8FEF1C4CCF240043E724;
					};
				};
			};
			buildConfigurationList = 8A5A8FEB1C4CCF240043E724 /* Build configuration list for PBXProject "AnarLQRCodeGenerator" */;
			compatibilityVersion = "Xcode 3.2";
			developmentRegion = English;
			hasScannedForEncodings = 0;
			knownRegions = (
				en,
				Base,
			);
			mainGroup = 8A5A8FE71C4CCF240043E724;
			productRefGroup = 8A5A8FF11C4CCF240043E724 /* Products */;
			projectDirPath = "";
			projectRoot = "";
			targets = (
				8A5A8FEF1C4CCF240043E724 /* AnarLQRCodeGenerator */,
				8A5A90021C4CCF240043E724 /* AnarLQRCodeGeneratorTests */,
				8A5A900D1C4CCF240043E724 /* AnarLQRCodeGeneratorUITests */,
			);
		};
/* End PBXProject section */

/* Begin PBXResourcesBuildPhase section */
		8A5A8FEE1C4CCF240043E724 /* Resources */ = {
			isa = PBXResourcesBuildPhase;
			buildActionMask = 2147483647;
			files = (
				8A5A90211C4CD04E0043E724 /* Convert.png in Resources */,
				8A806E841C50E7FD00026FE9 /* Cancel.png in Resources */,
				8A806E3D1C50B52300026FE9 /* Add.png in Resources */,
				8A5A8FFA1C4CCF240043E724 /* Assets.xcassets in Resources */,
				8A5A8FFD1C4CCF240043E724 /* MainMenu.xib in Resources */,
				8A9C2D271C4CE6CC0064227B /* export.png in Resources */,
			);
			runOnlyForDeploymentPostprocessing = 0;
		};
		8A5A90011C4CCF240043E724 /* Resources */ = {
			isa = PBXResourcesBuildPhase;
			buildActionMask = 2147483647;
			files = (
			);
			runOnlyForDeploymentPostprocessing = 0;
		};
		8A5A900C1C4CCF240043E724 /* Resources */ = {
			isa = PBXResourcesBuildPhase;
			buildActionMask = 2147483647;
			files = (
			);
			runOnlyForDeploymentPostprocessing = 0;
		};
/* End PBXResourcesBuildPhase section */

/* Begin PBXSourcesBuildPhase section */
		8A5A8FEC1C4CCF240043E724 /* Sources */ = {
			isa = PBXSourcesBuildPhase;
			buildActionMask = 2147483647;
			files = (
				8A5A8FF81C4CCF240043E724 /* main.m in Sources */,
				8A5A902A1C4CD17A0043E724 /* NSImage+QRCode.m in Sources */,
				8A3C2A641C4F80D500C59125 /* MacAddress.m in Sources */,
				8A5A8FF51C4CCF240043E724 /* AppDelegate.m in Sources */,
			);
			runOnlyForDeploymentPostprocessing = 0;
		};
		8A5A8FFF1C4CCF240043E724 /* Sources */ = {
			isa = PBXSourcesBuildPhase;
			buildActionMask = 2147483647;
			files = (
				8A5A90081C4CCF240043E724 /* AnarLQRCodeGeneratorTests.m in Sources */,
			);
			runOnlyForDeploymentPostprocessing = 0;
		};
		8A5A900A1C4CCF240043E724 /* Sources */ = {
			isa = PBXSourcesBuildPhase;
			buildActionMask = 2147483647;
			files = (
				8A5A90131C4CCF240043E724 /* AnarLQRCodeGeneratorUITests.m in Sources */,
			);
			runOnlyForDeploymentPostprocessing = 0;
		};
/* End PBXSourcesBuildPhase section */

/* Begin PBXTargetDependency section */
		8A5A90051C4CCF240043E724 /* PBXTargetDependency */ = {
			isa = PBXTargetDependency;
			target = 8A5A8FEF1C4CCF240043E724 /* AnarLQRCodeGenerator */;
			targetProxy = 8A5A90041C4CCF240043E724 /* PBXContainerItemProxy */;
		};
		8A5A90101C4CCF240043E724 /* PBXTargetDependency */ = {
			isa = PBXTargetDependency;
			target = 8A5A8FEF1C4CCF240043E724 /* AnarLQRCodeGenerator */;
			targetProxy = 8A5A900F1C4CCF240043E724 /* PBXContainerItemProxy */;
		};
/* End PBXTargetDependency section */

/* Begin PBXVariantGroup section */
		8A5A8FFB1C4CCF240043E724 /* MainMenu.xib */ = {
			isa = PBXVariantGroup;
			children = (
				8A5A8FFC1C4CCF240043E724 /* Base */,
			);
			name = MainMenu.xib;
			sourceTree = "<group>";
		};
/* End PBXVariantGroup section */

/* Begin XCBuildConfiguration section */
		8A5A90151C4CCF240043E724 /* Debug */ = {
			isa = XCBuildConfiguration;
			buildSettings = {
				ALWAYS_SEARCH_USER_PATHS = NO;
				CLANG_CXX_LANGUAGE_STANDARD = "gnu++0x";
				CLANG_CXX_LIBRARY = "libc++";
				CLANG_ENABLE_MODULES = YES;
				CLANG_ENABLE_OBJC_ARC = YES;
				CLANG_WARN_BOOL_CONVERSION = YES;
				CLANG_WARN_CONSTANT_CONVERSION = YES;
				CLANG_WARN_DIRECT_OBJC_ISA_USAGE = YES_ERROR;
				CLANG_WARN_EMPTY_BODY = YES;
				CLANG_WARN_ENUM_CONVERSION = YES;
				CLANG_WARN_INT_CONVERSION = YES;
				CLANG_WARN_OBJC_ROOT_CLASS = YES_ERROR;
				CLANG_WARN_UNREACHABLE_CODE = YES;
				CLANG_WARN__DUPLICATE_METHOD_MATCH = YES;
				CODE_SIGN_IDENTITY = "-";
				COPY_PHASE_STRIP = NO;
				DEBUG_INFORMATION_FORMAT = dwarf;
				ENABLE_STRICT_OBJC_MSGSEND = YES;
				ENABLE_TESTABILITY = YES;
				GCC_C_LANGUAGE_STANDARD = gnu99;
				GCC_DYNAMIC_NO_PIC = NO;
				GCC_NO_COMMON_BLOCKS = YES;
				GCC_OPTIMIZATION_LEVEL = 0;
				GCC_PREPROCESSOR_DEFINITIONS = (
					"DEBUG=1",
					"$(inherited)",
				);
				GCC_WARN_64_TO_32_BIT_CONVERSION = YES;
				GCC_WARN_ABOUT_RETURN_TYPE = YES_ERROR;
				GCC_WARN_UNDECLARED_SELECTOR = YES;
				GCC_WARN_UNINITIALIZED_AUTOS = YES_AGGRESSIVE;
				GCC_WARN_UNUSED_FUNCTION = YES;
				GCC_WARN_UNUSED_VARIABLE = YES;
				MACOSX_DEPLOYMENT_TARGET = 10.11;
				MTL_ENABLE_DEBUG_INFO = YES;
				ONLY_ACTIVE_ARCH = YES;
				SDKROOT = macosx;
			};
			name = Debug;
		};
		8A5A90161C4CCF240043E724 /* Release */ = {
			isa = XCBuildConfiguration;
			buildSettings = {
				ALWAYS_SEARCH_USER_PATHS = NO;
				CLANG_CXX_LANGUAGE_STANDARD = "gnu++0x";
				CLANG_CXX_LIBRARY = "libc++";
				CLANG_ENABLE_MODULES = YES;
				CLANG_ENABLE_OBJC_ARC = YES;
				CLANG_WARN_BOOL_CONVERSION = YES;
				CLANG_WARN_CONSTANT_CONVERSION = YES;
				CLANG_WARN_DIRECT_OBJC_ISA_USAGE = YES_ERROR;
				CLANG_WARN_EMPTY_BODY = YES;
				CLANG_WARN_ENUM_CONVERSION = YES;
				CLANG_WARN_INT_CONVERSION = YES;
				CLANG_WARN_OBJC_ROOT_CLASS = YES_ERROR;
				CLANG_WARN_UNREACHABLE_CODE = YES;
				CLANG_WARN__DUPLICATE_METHOD_MATCH = YES;
				CODE_SIGN_IDENTITY = "-";
				COPY_PHASE_STRIP = NO;
				DEBUG_INFORMATION_FORMAT = "dwarf-with-dsym";
				ENABLE_NS_ASSERTIONS = NO;
				ENABLE_STRICT_OBJC_MSGSEND = YES;
				GCC_C_LANGUAGE_STANDARD = gnu99;
				GCC_NO_COMMON_BLOCKS = YES;
				GCC_WARN_64_TO_32_BIT_CONVERSION = YES;
				GCC_WARN_ABOUT_RETURN_TYPE = YES_ERROR;
				GCC_WARN_UNDECLARED_SELECTOR = YES;
				GCC_WARN_UNINITIALIZED_AUTOS = YES_AGGRESSIVE;
				GCC_WARN_UNUSED_FUNCTION = YES;
				GCC_WARN_UNUSED_VARIABLE = YES;
				MACOSX_DEPLOYMENT_TARGET = 10.11;
				MTL_ENABLE_DEBUG_INFO = NO;
				SDKROOT = macosx;
			};
			name = Release;
		};
		8A5A90181C4CCF240043E724 /* Debug */ = {
			isa = XCBuildConfiguration;
			buildSettings = {
				ASSETCATALOG_COMPILER_APPICON_NAME = AppIcon;
				COMBINE_HIDPI_IMAGES = YES;
				INFOPLIST_FILE = AnarLQRCodeGenerator/Info.plist;
				LD_RUNPATH_SEARCH_PATHS = "$(inherited) @executable_path/../Frameworks";
				MACOSX_DEPLOYMENT_TARGET = 10.8;
				PRODUCT_BUNDLE_IDENTIFIER = com.digiarty.AnarLQRCodeGenerator;
				PRODUCT_NAME = "$(TARGET_NAME)";
			};
			name = Debug;
		};
		8A5A90191C4CCF240043E724 /* Release */ = {
			isa = XCBuildConfiguration;
			buildSettings = {
				ASSETCATALOG_COMPILER_APPICON_NAME = AppIcon;
				COMBINE_HIDPI_IMAGES = YES;
				INFOPLIST_FILE = AnarLQRCodeGenerator/Info.plist;
				LD_RUNPATH_SEARCH_PATHS = "$(inherited) @executable_path/../Frameworks";
				MACOSX_DEPLOYMENT_TARGET = 10.8;
				PRODUCT_BUNDLE_IDENTIFIER = com.digiarty.AnarLQRCodeGenerator;
				PRODUCT_NAME = "$(TARGET_NAME)";
			};
			name = Release;
		};
		8A5A901B1C4CCF240043E724 /* Debug */ = {
			isa = XCBuildConfiguration;
			buildSettings = {
				BUNDLE_LOADER = "$(TEST_HOST)";
				COMBINE_HIDPI_IMAGES = YES;
				INFOPLIST_FILE = AnarLQRCodeGeneratorTests/Info.plist;
				LD_RUNPATH_SEARCH_PATHS = "$(inherited) @executable_path/../Frameworks @loader_path/../Frameworks";
				PRODUCT_BUNDLE_IDENTIFIER = com.digiarty.AnarLQRCodeGeneratorTests;
				PRODUCT_NAME = "$(TARGET_NAME)";
				TEST_HOST = "$(BUILT_PRODUCTS_DIR)/AnarLQRCodeGenerator.app/Contents/MacOS/AnarLQRCodeGenerator";
			};
			name = Debug;
		};
		8A5A901C1C4CCF240043E724 /* Release */ = {
			isa = XCBuildConfiguration;
			buildSettings = {
				BUNDLE_LOADER = "$(TEST_HOST)";
				COMBINE_HIDPI_IMAGES = YES;
				INFOPLIST_FILE = AnarLQRCodeGeneratorTests/Info.plist;
				LD_RUNPATH_SEARCH_PATHS = "$(inherited) @executable_path/../Frameworks @loader_path/../Frameworks";
				PRODUCT_BUNDLE_IDENTIFIER = com.digiarty.AnarLQRCodeGeneratorTests;
				PRODUCT_NAME = "$(TARGET_NAME)";
				TEST_HOST = "$(BUILT_PRODUCTS_DIR)/AnarLQRCodeGenerator.app/Contents/MacOS/AnarLQRCodeGenerator";
			};
			name = Release;
		};
		8A5A901E1C4CCF240043E724 /* Debug */ = {
			isa = XCBuildConfiguration;
			buildSettings = {
				COMBINE_HIDPI_IMAGES = YES;
				INFOPLIST_FILE = AnarLQRCodeGeneratorUITests/Info.plist;
				LD_RUNPATH_SEARCH_PATHS = "$(inherited) @executable_path/../Frameworks @loader_path/../Frameworks";
				PRODUCT_BUNDLE_IDENTIFIER = com.digiarty.AnarLQRCodeGeneratorUITests;
				PRODUCT_NAME = "$(TARGET_NAME)";
				TEST_TARGET_NAME = AnarLQRCodeGenerator;
				USES_XCTRUNNER = YES;
			};
			name = Debug;
		};
		8A5A901F1C4CCF240043E724 /* Release */ = {
			isa = XCBuildConfiguration;
			buildSettings = {
				COMBINE_HIDPI_IMAGES = YES;
				INFOPLIST_FILE = AnarLQRCodeGeneratorUITests/Info.plist;
				LD_RUNPATH_SEARCH_PATHS = "$(inherited) @executable_path/../Frameworks @loader_path/../Frameworks";
				PRODUCT_BUNDLE_IDENTIFIER = com.digiarty.AnarLQRCodeGeneratorUITests;
				PRODUCT_NAME = "$(TARGET_NAME)";
				TEST_TARGET_NAME = AnarLQRCodeGenerator;
				USES_XCTRUNNER = YES;
			};
			name = Release;
		};
/* End XCBuildConfiguration section */

/* Begin XCConfigurationList section */
		8A5A8FEB1C4CCF240043E724 /* Build configuration list for PBXProject "AnarLQRCodeGenerator" */ = {
			isa = XCConfigurationList;
			buildConfigurations = (
				8A5A90151C4CCF240043E724 /* Debug */,
				8A5A90161C4CCF240043E724 /* Release */,
			);
			defaultConfigurationIsVisible = 0;
			defaultConfigurationName = Release;
		};
		8A5A90171C4CCF240043E724 /* Build configuration list for PBXNativeTarget "AnarLQRCodeGenerator" */ = {
			isa = XCConfigurationList;
			buildConfigurations = (
				8A5A90181C4CCF240043E724 /* Debug */,
				8A5A90191C4CCF240043E724 /* Release */,
			);
			defaultConfigurationIsVisible = 0;
			defaultConfigurationName = Release;
		};
		8A5A901A1C4CCF240043E724 /* Build configuration list for PBXNativeTarget "AnarLQRCodeGeneratorTests" */ = {
			isa = XCConfigurationList;
			buildConfigurations = (
				8A5A901B1C4CCF240043E724 /* Debug */,
				8A5A901C1C4CCF240043E724 /* Release */,
			);
			defaultConfigurationIsVisible = 0;
			defaultConfigurationName = Release;
		};
		8A5A901D1C4CCF240043E724 /* Build configuration list for PBXNativeTarget "AnarLQRCodeGeneratorUITests" */ = {
			isa = XCConfigurationList;
			buildConfigurations = (
				8A5A901E1C4CCF240043E724 /* Debug */,
				8A5A901F1C4CCF240043E724 /* Release */,
			);
			defaultConfigurationIsVisible = 0;
			defaultConfigurationName = Release;
		};
/* End XCConfigurationList section */
	};
	rootObject = 8A5A8FE81C4CCF240043E724 /* Project object */;
}
